
Microsoft Visual Studio Solution File, Format Version 12.00
# Visual Studio 15
VisualStudioVersion = 15.0.27428.2037
MinimumVisualStudioVersion = 10.0.40219.1
Project("{FAE04EC0-301F-11D3-BF4B-00C04F79EFBC}") = "XMLParser", "XMLParser\XMLParser.csproj", "{014B0C82-4BC5-4212-B7BE-BD31D9456D56}"
EndProject
Global
	GlobalSection(SolutionConfigurationPlatforms) = preSolution
		Debug|Any CPU = Debug|Any CPU
		Release|Any CPU = Release|Any CPU
	EndGlobalSection
	GlobalSection(ProjectConfigurationPlatforms) = postSolution
		{014B0C82-4BC5-4212-B7BE-BD31D9456D56}.Debug|Any CPU.ActiveCfg = Debug|Any CPU
		{014B0C82-4BC5-4212-B7BE-BD31D9456D56}.Debug|Any CPU.Build.0 = Debug|Any CPU
		{014B0C82-4BC5-4212-B7BE-BD31D9456D56}.Release|Any CPU.ActiveCfg = Release|Any CPU
		{014B0C82-4BC5-4212-B7BE-BD31D9456D56}.Release|Any CPU.Build.0 = Release|Any CPU
	EndGlobalSection
	GlobalSection(SolutionProperties) = preSolution
		HideSolutionNode = FALSE
	EndGlobalSection
	GlobalSection(ExtensibilityGlobals) = postSolution
		SolutionGuid = {790EDCEB-A4D2-496E-B931-7443228F83C9}
	EndGlobalSection
EndGlobal
